lockfileVersion: '9.0'

settings:
  autoInstallPeers: true
  excludeLinksFromLockfile: false

importers:

  .:
    devDependencies:
      '@biomejs/biome':
        specifier: ^2.2.6
        version: 2.2.6
      '@tsconfig/node22':
        specifier: ^22.0.2
        version: 22.0.2
      '@tsconfig/strictest':
        specifier: ^2.0.6
        version: 2.0.6
      '@types/node':
        specifier: ^24.9.1
        version: 24.9.1
      npm-run-all2:
        specifier: ^8.0.4
        version: 8.0.4
      typescript:
        specifier: ^5.9.3
        version: 5.9.3

packages:

  '@biomejs/biome@2.2.6':
    resolution: {integrity: sha512-yKTCNGhek0rL5OEW1jbLeZX8LHaM8yk7+3JRGv08my+gkpmtb5dDE+54r2ZjZx0ediFEn1pYBOJSmOdDP9xtFw==}
    engines: {node: '>=14.21.3'}
    hasBin: true

  '@biomejs/cli-darwin-arm64@2.2.6':
    resolution: {integrity: sha512-UZPmn3M45CjTYulgcrFJFZv7YmK3pTxTJDrFYlNElT2FNnkkX4fsxjExTSMeWKQYoZjvekpH5cvrYZZlWu3yfA==}
    engines: {node: '>=14.21.3'}
    cpu: [arm64]
    os: [darwin]

  '@biomejs/cli-darwin-x64@2.2.6':
    resolution: {integrity: sha512-HOUIquhHVgh/jvxyClpwlpl/oeMqntlteL89YqjuFDiZ091P0vhHccwz+8muu3nTyHWM5FQslt+4Jdcd67+xWQ==}
    engines: {node: '>=14.21.3'}
    cpu: [x64]
    os: [darwin]

  '@biomejs/cli-linux-arm64-musl@2.2.6':
    resolution: {integrity: sha512-TjCenQq3N6g1C+5UT3jE1bIiJb5MWQvulpUngTIpFsL4StVAUXucWD0SL9MCW89Tm6awWfeXBbZBAhJwjyFbRQ==}
    engines: {node: '>=14.21.3'}
    cpu: [arm64]
    os: [linux]

  '@biomejs/cli-linux-arm64@2.2.6':
    resolution: {integrity: sha512-BpGtuMJGN+o8pQjvYsUKZ+4JEErxdSmcRD/JG3mXoWc6zrcA7OkuyGFN1mDggO0Q1n7qXxo/PcupHk8gzijt5g==}
    engines: {node: '>=14.21.3'}
    cpu: [arm64]
    os: [linux]

  '@biomejs/cli-linux-x64-musl@2.2.6':
    resolution: {integrity: sha512-1ZcBux8zVM3JhWN2ZCPaYf0+ogxXG316uaoXJdgoPZcdK/rmRcRY7PqHdAos2ExzvjIdvhQp72UcveI98hgOog==}
    engines: {node: '>=14.21.3'}
    cpu: [x64]
    os: [linux]

  '@biomejs/cli-linux-x64@2.2.6':
    resolution: {integrity: sha512-1HaM/dpI/1Z68zp8ZdT6EiBq+/O/z97a2AiHMl+VAdv5/ELckFt9EvRb8hDHpk8hUMoz03gXkC7VPXOVtU7faA==}
    engines: {node: '>=14.21.3'}
    cpu: [x64]
    os: [linux]

  '@biomejs/cli-win32-arm64@2.2.6':
    resolution: {integrity: sha512-h3A88G8PGM1ryTeZyLlSdfC/gz3e95EJw9BZmA6Po412DRqwqPBa2Y9U+4ZSGUAXCsnSQE00jLV8Pyrh0d+jQw==}
    engines: {node: '>=14.21.3'}
    cpu: [arm64]
    os: [win32]

  '@biomejs/cli-win32-x64@2.2.6':
    resolution: {integrity: sha512-yx0CqeOhPjYQ5ZXgPfu8QYkgBhVJyvWe36as7jRuPrKPO5ylVDfwVtPQ+K/mooNTADW0IhxOZm3aPu16dP8yNQ==}
    engines: {node: '>=14.21.3'}
    cpu: [x64]
    os: [win32]

  '@tsconfig/node22@22.0.2':
    resolution: {integrity: sha512-Kmwj4u8sDRDrMYRoN9FDEcXD8UpBSaPQQ24Gz+Gamqfm7xxn+GBR7ge/Z7pK8OXNGyUzbSwJj+TH6B+DS/epyA==}

  '@tsconfig/strictest@2.0.6':
    resolution: {integrity: sha512-tPOhmDhIUcDjvpDDYyiUdssP84Eqm7n5KxJe5J3/g+s6xoDIPAf+SIn06dhw7VkhxIvLOnhDDrX7tsqMHNEhDg==}

  '@types/node@24.9.1':
    resolution: {integrity: sha512-QoiaXANRkSXK6p0Duvt56W208du4P9Uye9hWLWgGMDTEoKPhuenzNcC4vGUmrNkiOKTlIrBoyNQYNpSwfEZXSg==}

  ansi-styles@6.2.3:
    resolution: {integrity: sha512-4Dj6M28JB+oAH8kFkTLUo+a2jwOFkuqb3yucU0CANcRRUbxS0cP0nZYCGjcc3BNXwRIsUVmDGgzawme7zvJHvg==}
    engines: {node: '>=12'}

  cross-spawn@7.0.6:
    resolution: {integrity: sha512-uV2QOWP2nWzsy2aMp8aRibhi9dlzF5Hgh5SHaB9OiTGEyDTiJJyx0uy51QXdyWbtAHNua4XJzUKca3OzKUd3vA==}
    engines: {node: '>= 8'}

  isexe@2.0.0:
    resolution: {integrity: sha512-RHxMLp9lnKHGHRng9QFhRCMbYAcVpn69smSGcq3f36xjgVVWThj4qqLbTLlq7Ssj8B+fIQ1EuCEGI2lKsyQeIw==}

  isexe@3.1.1:
    resolution: {integrity: sha512-LpB/54B+/2J5hqQ7imZHfdU31OlgQqx7ZicVlkm9kzg9/w8GKLEcFfJl/t7DCEDueOyBAD6zCCwTO6Fzs0NoEQ==}
    engines: {node: '>=16'}

  json-parse-even-better-errors@4.0.0:
    resolution: {integrity: sha512-lR4MXjGNgkJc7tkQ97kb2nuEMnNCyU//XYVH0MKTGcXEiSudQ5MKGKen3C5QubYy0vmq+JGitUg92uuywGEwIA==}
    engines: {node: ^18.17.0 || >=20.5.0}

  memorystream@0.3.1:
    resolution: {integrity: sha512-S3UwM3yj5mtUSEfP41UZmt/0SCoVYUcU1rkXv+BQ5Ig8ndL4sPoJNBUJERafdPb5jjHJGuMgytgKvKIf58XNBw==}
    engines: {node: '>= 0.10.0'}

  npm-normalize-package-bin@4.0.0:
    resolution: {integrity: sha512-TZKxPvItzai9kN9H/TkmCtx/ZN/hvr3vUycjlfmH0ootY9yFBzNOpiXAdIn1Iteqsvk4lQn6B5PTrt+n6h8k/w==}
    engines: {node: ^18.17.0 || >=20.5.0}

  npm-run-all2@8.0.4:
    resolution: {integrity: sha512-wdbB5My48XKp2ZfJUlhnLVihzeuA1hgBnqB2J9ahV77wLS+/YAJAlN8I+X3DIFIPZ3m5L7nplmlbhNiFDmXRDA==}
    engines: {node: ^20.5.0 || >=22.0.0, npm: '>= 10'}
    hasBin: true

  path-key@3.1.1:
    resolution: {integrity: sha512-ojmeN0qd+y0jszEtoY48r0Peq5dwMEkIlCOu6Q5f41lfkswXuKtYrhgoTpLnyIcHm24Uhqx+5Tqm2InSwLhE6Q==}
    engines: {node: '>=8'}

  picomatch@4.0.3:
    resolution: {integrity: sha512-5gTmgEY/sqK6gFXLIsQNH19lWb4ebPDLA4SdLP7dsWkIXHWlG66oPuVvXSGFPppYZz8ZDZq0dYYrbHfBCVUb1Q==}
    engines: {node: '>=12'}

  pidtree@0.6.0:
    resolution: {integrity: sha512-eG2dWTVw5bzqGRztnHExczNxt5VGsE6OwTeCG3fdUf9KBsZzO3R5OIIIzWR+iZA0NtZ+RDVdaoE2dK1cn6jH4g==}
    engines: {node: '>=0.10'}
    hasBin: true

  read-package-json-fast@4.0.0:
    resolution: {integrity: sha512-qpt8EwugBWDw2cgE2W+/3oxC+KTez2uSVR8JU9Q36TXPAGCaozfQUs59v4j4GFpWTaw0i6hAZSvOmu1J0uOEUg==}
    engines: {node: ^18.17.0 || >=20.5.0}

  shebang-command@2.0.0:
    resolution: {integrity: sha512-kHxr2zZpYtdmrN1qDjrrX/Z1rR1kG8Dx+gkpK1G4eXmvXswmcE1hTWBWYUzlraYw1/yZp6YuDY77YtvbN0dmDA==}
    engines: {node: '>=8'}

  shebang-regex@3.0.0:
    resolution: {integrity: sha512-7++dFhtcx3353uBaq8DDR4NuxBetBzC7ZQOhmTQInHEd6bSrXdiEyzCvG07Z44UYdLShWUyXt5M/yhz8ekcb1A==}
    engines: {node: '>=8'}

  shell-quote@1.8.3:
    resolution: {integrity: sha512-ObmnIF4hXNg1BqhnHmgbDETF8dLPCggZWBjkQfhZpbszZnYur5DUljTcCHii5LC3J5E0yeO/1LIMyH+UvHQgyw==}
    engines: {node: '>= 0.4'}

  typescript@5.9.3:
    resolution: {integrity: sha512-jl1vZzPDinLr9eUt3J/t7V6FgNEw9QjvBPdysz9KfQDD41fQrC2Y4vKQdiaUpFT4bXlb1RHhLpp8wtm6M5TgSw==}
    engines: {node: '>=14.17'}
    hasBin: true

  undici-types@7.16.0:
    resolution: {integrity: sha512-Zz+aZWSj8LE6zoxD+xrjh4VfkIG8Ya6LvYkZqtUQGJPZjYl53ypCaUwWqo7eI0x66KBGeRo+mlBEkMSeSZ38Nw==}

  which@2.0.2:
    resolution: {integrity: sha512-BLI3Tl1TW3Pvl70l3yq3Y64i+awpwXqsGBYWkkqMtnbXgrMD+yj7rhW0kuEDxzJaYXGjEW5ogapKNMEKNMjibA==}
    engines: {node: '>= 8'}
    hasBin: true

  which@5.0.0:
    resolution: {integrity: sha512-JEdGzHwwkrbWoGOlIHqQ5gtprKGOenpDHpxE9zVR1bWbOtYRyPPHMe9FaP6x61CmNaTThSkb0DAJte5jD+DmzQ==}
    engines: {node: ^18.17.0 || >=20.5.0}
    hasBin: true

snapshots:

  '@biomejs/biome@2.2.6':
    optionalDependencies:
      '@biomejs/cli-darwin-arm64': 2.2.6
      '@biomejs/cli-darwin-x64': 2.2.6
      '@biomejs/cli-linux-arm64': 2.2.6
      '@biomejs/cli-linux-arm64-musl': 2.2.6
      '@biomejs/cli-linux-x64': 2.2.6
      '@biomejs/cli-linux-x64-musl': 2.2.6
      '@biomejs/cli-win32-arm64': 2.2.6
      '@biomejs/cli-win32-x64': 2.2.6

  '@biomejs/cli-darwin-arm64@2.2.6':
    optional: true

  '@biomejs/cli-darwin-x64@2.2.6':
    optional: true

  '@biomejs/cli-linux-arm64-musl@2.2.6':
    optional: true

  '@biomejs/cli-linux-arm64@2.2.6':
    optional: true

  '@biomejs/cli-linux-x64-musl@2.2.6':
    optional: true

  '@biomejs/cli-linux-x64@2.2.6':
    optional: true

  '@biomejs/cli-win32-arm64@2.2.6':
    optional: true

  '@biomejs/cli-win32-x64@2.2.6':
    optional: true

  '@tsconfig/node22@22.0.2': {}

  '@tsconfig/strictest@2.0.6': {}

  '@types/node@24.9.1':
    dependencies:
      undici-types: 7.16.0

  ansi-styles@6.2.3: {}

  cross-spawn@7.0.6:
    dependencies:
      path-key: 3.1.1
      shebang-command: 2.0.0
      which: 2.0.2

  isexe@2.0.0: {}

  isexe@3.1.1: {}

  json-parse-even-better-errors@4.0.0: {}

  memorystream@0.3.1: {}

  npm-normalize-package-bin@4.0.0: {}

  npm-run-all2@8.0.4:
    dependencies:
      ansi-styles: 6.2.3
      cross-spawn: 7.0.6
      memorystream: 0.3.1
      picomatch: 4.0.3
      pidtree: 0.6.0
      read-package-json-fast: 4.0.0
      shell-quote: 1.8.3
      which: 5.0.0

  path-key@3.1.1: {}

  picomatch@4.0.3: {}

  pidtree@0.6.0: {}

  read-package-json-fast@4.0.0:
    dependencies:
      json-parse-even-better-errors: 4.0.0
      npm-normalize-package-bin: 4.0.0

  shebang-command@2.0.0:
    dependencies:
      shebang-regex: 3.0.0

  shebang-regex@3.0.0: {}

  shell-quote@1.8.3: {}

  typescript@5.9.3: {}

  undici-types@7.16.0: {}

  which@2.0.2:
    dependencies:
      isexe: 2.0.0

  which@5.0.0:
    dependencies:
      isexe: 3.1.1
